
Microsoft Visual Studio Solution File, Format Version 12.00
# Visual Studio Version 16
VisualStudioVersion = 16.0.29709.97
MinimumVisualStudioVersion = 10.0.40219.1
Project("{9092AA53-FB77-4645-B42D-1CCCA6BD08BD}") = "OmniqueWeb", "OmniqueWeb\OmniqueWeb.njsproj", "{C63B378B-A984-41AC-B24B-3520274AA57A}"
EndProject
Project("{9092AA53-FB77-4645-B42D-1CCCA6BD08BD}") = "OmniqueAdmin", "OmniqueAdmin\OmniqueAdmin.njsproj", "{EEB6E54C-FE54-4752-AF4F-A3D230866FE8}"
EndProject
Global
	GlobalSection(SolutionConfigurationPlatforms) = preSolution
		Debug|Any CPU = Debug|Any CPU
		Release|Any CPU = Release|Any CPU
	EndGlobalSection
	GlobalSection(ProjectConfigurationPlatforms) = postSolution
		{C63B378B-A984-41AC-B24B-3520274AA57A}.Debug|Any CPU.ActiveCfg = Debug|Any CPU
		{C63B378B-A984-41AC-B24B-3520274AA57A}.Debug|Any CPU.Build.0 = Debug|Any CPU
		{C63B378B-A984-41AC-B24B-3520274AA57A}.Release|Any CPU.ActiveCfg = Release|Any CPU
		{C63B378B-A984-41AC-B24B-3520274AA57A}.Release|Any CPU.Build.0 = Release|Any CPU
		{EEB6E54C-FE54-4752-AF4F-A3D230866FE8}.Debug|Any CPU.ActiveCfg = Debug|Any CPU
		{EEB6E54C-FE54-4752-AF4F-A3D230866FE8}.Debug|Any CPU.Build.0 = Debug|Any CPU
		{EEB6E54C-FE54-4752-AF4F-A3D230866FE8}.Release|Any CPU.ActiveCfg = Release|Any CPU
		{EEB6E54C-FE54-4752-AF4F-A3D230866FE8}.Release|Any CPU.Build.0 = Release|Any CPU
	EndGlobalSection
	GlobalSection(SolutionProperties) = preSolution
		HideSolutionNode = FALSE
	EndGlobalSection
	GlobalSection(ExtensibilityGlobals) = postSolution
		SolutionGuid = {3A3E8D67-0F31-4909-A629-F699FC99F6D0}
	EndGlobalSection
EndGlobal
